version = 1
revision = 3
requires-python = ">=3.11, <3.13"

[[package]]
name = "annotated-types"
version = "0.7.0"
source = { registry = "https://pypi.org/simple" }
sdist = { url = "https://files.pythonhosted.org/packages/ee/67/531ea369ba64dcff5ec9c3402f9f51bf748cec26dde048a2f973a4eea7f5/annotated_types-0.7.0.tar.gz", hash = "sha256:aff07c09a53a08bc8cfccb9c85b05f1aa9a2a6f23728d790723543408344ce89", size = 16081, upload-time = "2024-05-20T21:33:25.928Z" }
wheels = [
    { url = "https://files.pythonhosted.org/packages/78/b6/6307fbef88d9b5ee7421e68d78a9f162e0da4900bc5f5793f6d3d0e34fb8/annotated_types-0.7.0-py3-none-any.whl", hash = "sha256:1f02e8b43a8fbbc3f3e0d4f0f4bfc8131bcb4eebe8849b8e5c773f3a1c582a53", size = 13643, upload-time = "2024-05-20T21:33:24.1Z" },
]

[[package]]
name = "anyio"
version = "4.11.0"
source = { registry = "https://pypi.org/simple" }
dependencies = [
    { name = "idna" },
    { name = "sniffio" },
    { name = "typing-extensions" },
]
sdist = { url = "https://files.pythonhosted.org/packages/c6/78/7d432127c41b50bccba979505f272c16cbcadcc33645d5fa3a738110ae75/anyio-4.11.0.tar.gz", hash = "sha256:82a8d0b81e318cc5ce71a5f1f8b5c4e63619620b63141ef8c995fa0db95a57c4", size = 219094, upload-time = "2025-09-23T09:19:12.58Z" }
wheels = [
    { url = "https://files.pythonhosted.org/packages/15/b3/9b1a8074496371342ec1e796a96f99c82c945a339cd81a8e73de28b4cf9e/anyio-4.11.0-py3-none-any.whl", hash = "sha256:0287e96f4d26d4149305414d4e3bc32f0dcd0862365a4bddea19d7a1ec38c4fc", size = 109097, upload-time = "2025-09-23T09:19:10.601Z" },
]

[[package]]
name = "basedpyright"
version = "1.31.7"
source = { registry = "https://pypi.org/simple" }
dependencies = [
    { name = "nodejs-wheel-binaries" },
]
sdist = { url = "https://files.pythonhosted.org/packages/c6/ba/ed69e8df732a09c8ca469f592c8e08707fe29149735b834c276d94d4a3da/basedpyright-1.31.7.tar.gz", hash = "sha256:394f334c742a19bcc5905b2455c9f5858182866b7679a6f057a70b44b049bceb", size = 22710948, upload-time = "2025-10-11T05:12:48.3Z" }
wheels = [
    { url = "https://files.pythonhosted.org/packages/f8/90/ce01ad2d0afdc1b82b8b5aaba27e60d2e138e39d887e71c35c55d8f1bfcd/basedpyright-1.31.7-py3-none-any.whl", hash = "sha256:7c54beb7828c9ed0028630aaa6904f395c27e5a9f5a313aa9e91fc1d11170831", size = 11817571, upload-time = "2025-10-11T05:12:45.432Z" },
]

[[package]]
name = "click"
version = "8.3.0"
source = { registry = "https://pypi.org/simple" }
dependencies = [
    { name = "colorama", marker = "sys_platform == 'win32'" },
]
sdist = { url = "https://files.pythonhosted.org/packages/46/61/de6cd827efad202d7057d93e0fed9294b96952e188f7384832791c7b2254/click-8.3.0.tar.gz", hash = "sha256:e7b8232224eba16f4ebe410c25ced9f7875cb5f3263ffc93cc3e8da705e229c4", size = 276943, upload-time = "2025-09-18T17:32:23.696Z" }
wheels = [
    { url = "https://files.pythonhosted.org/packages/db/d3/9dcc0f5797f070ec8edf30fbadfb200e71d9db6b84d211e3b2085a7589a0/click-8.3.0-py3-none-any.whl", hash = "sha256:9b9f285302c6e3064f4330c05f05b81945b2a39544279343e6e7c5f27a9baddc", size = 107295, upload-time = "2025-09-18T17:32:22.42Z" },
]

[[package]]
name = "colorama"
version = "0.4.6"
source = { registry = "https://pypi.org/simple" }
sdist = { url = "https://files.pythonhosted.org/packages/d8/53/6f443c9a4a8358a93a6792e2acffb9d9d5cb0a5cfd8802644b7b1c9a02e4/colorama-0.4.6.tar.gz", hash = "sha256:08695f5cb7ed6e0531a20572697297273c47b8cae5a63ffc6d6ed5c201be6e44", size = 27697, upload-time = "2022-10-25T02:36:22.414Z" }
wheels = [
    { url = "https://files.pythonhosted.org/packages/d1/d6/3965ed04c63042e047cb6a3e6ed1a63a35087b6a609aa3a15ed8ac56c221/colorama-0.4.6-py2.py3-none-any.whl", hash = "sha256:4f1d9991f5acc0ca119f9d443620b77f9d6b33703e51011c16baf57afb285fc6", size = 25335, upload-time = "2022-10-25T02:36:20.889Z" },
]

[[package]]
name = "fastapi"
version = "0.119.0"
source = { registry = "https://pypi.org/simple" }
dependencies = [
    { name = "pydantic" },
    { name = "starlette" },
    { name = "typing-extensions" },
]
sdist = { url = "https://files.pythonhosted.org/packages/0a/f9/5c5bcce82a7997cc0eb8c47b7800f862f6b56adc40486ed246e5010d443b/fastapi-0.119.0.tar.gz", hash = "sha256:451082403a2c1f0b99c6bd57c09110ed5463856804c8078d38e5a1f1035dbbb7", size = 336756, upload-time = "2025-10-11T17:13:40.53Z" }
wheels = [
    { url = "https://files.pythonhosted.org/packages/ce/70/584c4d7cad80f5e833715c0a29962d7c93b4d18eed522a02981a6d1b6ee5/fastapi-0.119.0-py3-none-any.whl", hash = "sha256:90a2e49ed19515320abb864df570dd766be0662c5d577688f1600170f7f73cf2", size = 107095, upload-time = "2025-10-11T17:13:39.048Z" },
]

[[package]]
name = "h11"
version = "0.16.0"
source = { registry = "https://pypi.org/simple" }
sdist = { url = "https://files.pythonhosted.org/packages/01/ee/02a2c011bdab74c6fb3c75474d40b3052059d95df7e73351460c8588d963/h11-0.16.0.tar.gz", hash = "sha256:4e35b956cf45792e4caa5885e69fba00bdbc6ffafbfa020300e549b208ee5ff1", size = 101250, upload-time = "2025-04-24T03:35:25.427Z" }
wheels = [
    { url = "https://files.pythonhosted.org/packages/04/4b/29cac41a4d98d144bf5f6d33995617b185d14b22401f75ca86f384e87ff1/h11-0.16.0-py3-none-any.whl", hash = "sha256:63cf8bbe7522de3bf65932fda1d9c2772064ffb3dae62d55932da54b31cb6c86", size = 37515, upload-time = "2025-04-24T03:35:24.344Z" },
]

[[package]]
name = "idna"
version = "3.11"
source = { registry = "https://pypi.org/simple" }
sdist = { url = "https://files.pythonhosted.org/packages/6f/6d/0703ccc57f3a7233505399edb88de3cbd678da106337b9fcde432b65ed60/idna-3.11.tar.gz", hash = "sha256:795dafcc9c04ed0c1fb032c2aa73654d8e8c5023a7df64a53f39190ada629902", size = 194582, upload-time = "2025-10-12T14:55:20.501Z" }
wheels = [
    { url = "https://files.pythonhosted.org/packages/0e/61/66938bbb5fc52dbdf84594873d5b51fb1f7c7794e9c0f5bd885f30bc507b/idna-3.11-py3-none-any.whl", hash = "sha256:771a87f49d9defaf64091e6e6fe9c18d4833f140bd19464795bc32d966ca37ea", size = 71008, upload-time = "2025-10-12T14:55:18.883Z" },
]

[[package]]
name = "iniconfig"
version = "2.1.0"
source = { registry = "https://pypi.org/simple" }
sdist = { url = "https://files.pythonhosted.org/packages/f2/97/ebf4da567aa6827c909642694d71c9fcf53e5b504f2d96afea02718862f3/iniconfig-2.1.0.tar.gz", hash = "sha256:3abbd2e30b36733fee78f9c7f7308f2d0050e88f0087fd25c2645f63c773e1c7", size = 4793, upload-time = "2025-03-19T20:09:59.721Z" }
wheels = [
    { url = "https://files.pythonhosted.org/packages/2c/e1/e6716421ea10d38022b952c159d5161ca1193197fb744506875fbb87ea7b/iniconfig-2.1.0-py3-none-any.whl", hash = "sha256:9deba5723312380e77435581c6bf4935c94cbfab9b1ed33ef8d238ea168eb760", size = 6050, upload-time = "2025-03-19T20:10:01.071Z" },
]

[[package]]
name = "inviol-image-analyser-assignment"
version = "0.1.0"
source = { editable = "." }
dependencies = [
    { name = "fastapi" },
    { name = "opencv-python" },
    { name = "pydantic" },
    { name = "python-multipart" },
    { name = "uvicorn" },
]

[package.dev-dependencies]
dev = [
    { name = "basedpyright" },
    { name = "pytest" },
    { name = "ruff" },
]

[package.metadata]
requires-dist = [
    { name = "fastapi", specifier = ">=0.119.0" },
    { name = "opencv-python", specifier = ">=4.12.0.88" },
    { name = "pydantic", specifier = ">=2.12.0" },
    { name = "python-multipart", specifier = ">=0.0.20" },
    { name = "uvicorn", specifier = ">=0.37.0" },
]

[package.metadata.requires-dev]
dev = [
    { name = "basedpyright", specifier = ">=1.31.7" },
    { name = "pytest", specifier = ">=8.4.2" },
    { name = "ruff", specifier = ">=0.14.0" },
]

[[package]]
name = "nodejs-wheel-binaries"
version = "22.20.0"
source = { registry = "https://pypi.org/simple" }
sdist = { url = "https://files.pythonhosted.org/packages/0f/54/02f58c8119e2f1984e2572cc77a7b469dbaf4f8d171ad376e305749ef48e/nodejs_wheel_binaries-22.20.0.tar.gz", hash = "sha256:a62d47c9fd9c32191dff65bbe60261504f26992a0a19fe8b4d523256a84bd351", size = 8058, upload-time = "2025-09-26T09:48:00.906Z" }
wheels = [
    { url = "https://files.pythonhosted.org/packages/24/6d/333e5458422f12318e3c3e6e7f194353aa68b0d633217c7e89833427ca01/nodejs_wheel_binaries-22.20.0-py2.py3-none-macosx_11_0_arm64.whl", hash = "sha256:455add5ac4f01c9c830ab6771dbfad0fdf373f9b040d3aabe8cca9b6c56654fb", size = 53246314, upload-time = "2025-09-26T09:47:32.536Z" },
    { url = "https://files.pythonhosted.org/packages/56/30/dcd6879d286a35b3c4c8f9e5e0e1bcf4f9e25fe35310fc77ecf97f915a23/nodejs_wheel_binaries-22.20.0-py2.py3-none-macosx_11_0_x86_64.whl", hash = "sha256:5d8c12f97eea7028b34a84446eb5ca81829d0c428dfb4e647e09ac617f4e21fa", size = 53644391, upload-time = "2025-09-26T09:47:36.093Z" },
    { url = "https://files.pythonhosted.org/packages/58/be/c7b2e7aa3bb281d380a1c531f84d0ccfe225832dfc3bed1ca171753b9630/nodejs_wheel_binaries-22.20.0-py2.py3-none-manylinux_2_17_aarch64.manylinux2014_aarch64.whl", hash = "sha256:7a2b0989194148f66e9295d8f11bc463bde02cbe276517f4d20a310fb84780ae", size = 60282516, upload-time = "2025-09-26T09:47:39.88Z" },
    { url = "https://files.pythonhosted.org/packages/3e/c5/8befacf4190e03babbae54cb0809fb1a76e1600ec3967ab8ee9f8fc85b65/nodejs_wheel_binaries-22.20.0-py2.py3-none-manylinux_2_17_x86_64.manylinux2014_x86_64.whl", hash = "sha256:b5c500aa4dc046333ecb0a80f183e069e5c30ce637f1c1a37166b2c0b642dc21", size = 60347290, upload-time = "2025-09-26T09:47:43.712Z" },
    { url = "https://files.pythonhosted.org/packages/c0/bd/cfffd1e334277afa0714962c6ec432b5fe339340a6bca2e5fa8e678e7590/nodejs_wheel_binaries-22.20.0-py2.py3-none-musllinux_1_2_aarch64.whl", hash = "sha256:3279eb1b99521f0d20a850bbfc0159a658e0e85b843b3cf31b090d7da9f10dfc", size = 62178798, upload-time = "2025-09-26T09:47:47.752Z" },
    { url = "https://files.pythonhosted.org/packages/08/14/10b83a9c02faac985b3e9f5e65d63a34fc0f46b48d8a2c3e4caa3e1e7318/nodejs_wheel_binaries-22.20.0-py2.py3-none-musllinux_1_2_x86_64.whl", hash = "sha256:d29705797b33bade62d79d8f106c2453c8a26442a9b2a5576610c0f7e7c351ed", size = 62772957, upload-time = "2025-09-26T09:47:51.266Z" },
    { url = "https://files.pythonhosted.org/packages/b4/a9/c6a480259aa0d6b270aac2c6ba73a97444b9267adde983a5b7e34f17e45a/nodejs_wheel_binaries-22.20.0-py2.py3-none-win_amd64.whl", hash = "sha256:4bd658962f24958503541963e5a6f2cc512a8cb301e48a69dc03c879f40a28ae", size = 40120431, upload-time = "2025-09-26T09:47:54.363Z" },
    { url = "https://files.pythonhosted.org/packages/42/b1/6a4eb2c6e9efa028074b0001b61008c9d202b6b46caee9e5d1b18c088216/nodejs_wheel_binaries-22.20.0-py2.py3-none-win_arm64.whl", hash = "sha256:1fccac931faa210d22b6962bcdbc99269d16221d831b9a118bbb80fe434a60b8", size = 38844133, upload-time = "2025-09-26T09:47:57.357Z" },
]

[[package]]
name = "numpy"
version = "2.2.6"
source = { registry = "https://pypi.org/simple" }
sdist = { url = "https://files.pythonhosted.org/packages/76/21/7d2a95e4bba9dc13d043ee156a356c0a8f0c6309dff6b21b4d71a073b8a8/numpy-2.2.6.tar.gz", hash = "sha256:e29554e2bef54a90aa5cc07da6ce955accb83f21ab5de01a62c8478897b264fd", size = 20276440, upload-time = "2025-05-17T22:38:04.611Z" }
wheels = [
    { url = "https://files.pythonhosted.org/packages/da/a8/4f83e2aa666a9fbf56d6118faaaf5f1974d456b1823fda0a176eff722839/numpy-2.2.6-cp311-cp311-macosx_10_9_x86_64.whl", hash = "sha256:f9f1adb22318e121c5c69a09142811a201ef17ab257a1e66ca3025065b7f53ae", size = 21176963, upload-time = "2025-05-17T21:31:19.36Z" },
    { url = "https://files.pythonhosted.org/packages/b3/2b/64e1affc7972decb74c9e29e5649fac940514910960ba25cd9af4488b66c/numpy-2.2.6-cp311-cp311-macosx_11_0_arm64.whl", hash = "sha256:c820a93b0255bc360f53eca31a0e676fd1101f673dda8da93454a12e23fc5f7a", size = 14406743, upload-time = "2025-05-17T21:31:41.087Z" },
    { url = "https://files.pythonhosted.org/packages/4a/9f/0121e375000b5e50ffdd8b25bf78d8e1a5aa4cca3f185d41265198c7b834/numpy-2.2.6-cp311-cp311-macosx_14_0_arm64.whl", hash = "sha256:3d70692235e759f260c3d837193090014aebdf026dfd167834bcba43e30c2a42", size = 5352616, upload-time = "2025-05-17T21:31:50.072Z" },
    { url = "https://files.pythonhosted.org/packages/31/0d/b48c405c91693635fbe2dcd7bc84a33a602add5f63286e024d3b6741411c/numpy-2.2.6-cp311-cp311-macosx_14_0_x86_64.whl", hash = "sha256:481b49095335f8eed42e39e8041327c05b0f6f4780488f61286ed3c01368d491", size = 6889579, upload-time = "2025-05-17T21:32:01.712Z" },
    { url = "https://files.pythonhosted.org/packages/52/b8/7f0554d49b565d0171eab6e99001846882000883998e7b7d9f0d98b1f934/numpy-2.2.6-cp311-cp311-manylinux_2_17_aarch64.manylinux2014_aarch64.whl", hash = "sha256:b64d8d4d17135e00c8e346e0a738deb17e754230d7e0810ac5012750bbd85a5a", size = 14312005, upload-time = "2025-05-17T21:32:23.332Z" },
    { url = "https://files.pythonhosted.org/packages/b3/dd/2238b898e51bd6d389b7389ffb20d7f4c10066d80351187ec8e303a5a475/numpy-2.2.6-cp311-cp311-manylinux_2_17_x86_64.manylinux2014_x86_64.whl", hash = "sha256:ba10f8411898fc418a521833e014a77d3ca01c15b0c6cdcce6a0d2897e6dbbdf", size = 16821570, upload-time = "2025-05-17T21:32:47.991Z" },
    { url = "https://files.pythonhosted.org/packages/83/6c/44d0325722cf644f191042bf47eedad61c1e6df2432ed65cbe28509d404e/numpy-2.2.6-cp311-cp311-musllinux_1_2_aarch64.whl", hash = "sha256:bd48227a919f1bafbdda0583705e547892342c26fb127219d60a5c36882609d1", size = 15818548, upload-time = "2025-05-17T21:33:11.728Z" },
    { url = "https://files.pythonhosted.org/packages/ae/9d/81e8216030ce66be25279098789b665d49ff19eef08bfa8cb96d4957f422/numpy-2.2.6-cp311-cp311-musllinux_1_2_x86_64.whl", hash = "sha256:9551a499bf125c1d4f9e250377c1ee2eddd02e01eac6644c080162c0c51778ab", size = 18620521, upload-time = "2025-05-17T21:33:39.139Z" },
    { url = "https://files.pythonhosted.org/packages/6a/fd/e19617b9530b031db51b0926eed5345ce8ddc669bb3bc0044b23e275ebe8/numpy-2.2.6-cp311-cp311-win32.whl", hash = "sha256:0678000bb9ac1475cd454c6b8c799206af8107e310843532b04d49649c717a47", size = 6525866, upload-time = "2025-05-17T21:33:50.273Z" },
    { url = "https://files.pythonhosted.org/packages/31/0a/f354fb7176b81747d870f7991dc763e157a934c717b67b58456bc63da3df/numpy-2.2.6-cp311-cp311-win_amd64.whl", hash = "sha256:e8213002e427c69c45a52bbd94163084025f533a55a59d6f9c5b820774ef3303", size = 12907455, upload-time = "2025-05-17T21:34:09.135Z" },
    { url = "https://files.pythonhosted.org/packages/82/5d/c00588b6cf18e1da539b45d3598d3557084990dcc4331960c15ee776ee41/numpy-2.2.6-cp312-cp312-macosx_10_13_x86_64.whl", hash = "sha256:41c5a21f4a04fa86436124d388f6ed60a9343a6f767fced1a8a71c3fbca038ff", size = 20875348, upload-time = "2025-05-17T21:34:39.648Z" },
    { url = "https://files.pythonhosted.org/packages/66/ee/560deadcdde6c2f90200450d5938f63a34b37e27ebff162810f716f6a230/numpy-2.2.6-cp312-cp312-macosx_11_0_arm64.whl", hash = "sha256:de749064336d37e340f640b05f24e9e3dd678c57318c7289d222a8a2f543e90c", size = 14119362, upload-time = "2025-05-17T21:35:01.241Z" },
    { url = "https://files.pythonhosted.org/packages/3c/65/4baa99f1c53b30adf0acd9a5519078871ddde8d2339dc5a7fde80d9d87da/numpy-2.2.6-cp312-cp312-macosx_14_0_arm64.whl", hash = "sha256:894b3a42502226a1cac872f840030665f33326fc3dac8e57c607905773cdcde3", size = 5084103, upload-time = "2025-05-17T21:35:10.622Z" },
    { url = "https://files.pythonhosted.org/packages/cc/89/e5a34c071a0570cc40c9a54eb472d113eea6d002e9ae12bb3a8407fb912e/numpy-2.2.6-cp312-cp312-macosx_14_0_x86_64.whl", hash = "sha256:71594f7c51a18e728451bb50cc60a3ce4e6538822731b2933209a1f3614e9282", size = 6625382, upload-time = "2025-05-17T21:35:21.414Z" },
    { url = "https://files.pythonhosted.org/packages/f8/35/8c80729f1ff76b3921d5c9487c7ac3de9b2a103b1cd05e905b3090513510/numpy-2.2.6-cp312-cp312-manylinux_2_17_aarch64.manylinux2014_aarch64.whl", hash = "sha256:f2618db89be1b4e05f7a1a847a9c1c0abd63e63a1607d892dd54668dd92faf87", size = 14018462, upload-time = "2025-05-17T21:35:42.174Z" },
    { url = "https://files.pythonhosted.org/packages/8c/3d/1e1db36cfd41f895d266b103df00ca5b3cbe965184df824dec5c08c6b803/numpy-2.2.6-cp312-cp312-manylinux_2_17_x86_64.manylinux2014_x86_64.whl", hash = "sha256:fd83c01228a688733f1ded5201c678f0c53ecc1006ffbc404db9f7a899ac6249", size = 16527618, upload-time = "2025-05-17T21:36:06.711Z" },
    { url = "https://files.pythonhosted.org/packages/61/c6/03ed30992602c85aa3cd95b9070a514f8b3c33e31124694438d88809ae36/numpy-2.2.6-cp312-cp312-musllinux_1_2_aarch64.whl", hash = "sha256:37c0ca431f82cd5fa716eca9506aefcabc247fb27ba69c5062a6d3ade8cf8f49", size = 15505511, upload-time = "2025-05-17T21:36:29.965Z" },
    { url = "https://files.pythonhosted.org/packages/b7/25/5761d832a81df431e260719ec45de696414266613c9ee268394dd5ad8236/numpy-2.2.6-cp312-cp312-musllinux_1_2_x86_64.whl", hash = "sha256:fe27749d33bb772c80dcd84ae7e8df2adc920ae8297400dabec45f0dedb3f6de", size = 18313783, upload-time = "2025-05-17T21:36:56.883Z" },
    { url = "https://files.pythonhosted.org/packages/57/0a/72d5a3527c5ebffcd47bde9162c39fae1f90138c961e5296491ce778e682/numpy-2.2.6-cp312-cp312-win32.whl", hash = "sha256:4eeaae00d789f66c7a25ac5f34b71a7035bb474e679f410e5e1a94deb24cf2d4", size = 6246506, upload-time = "2025-05-17T21:37:07.368Z" },
    { url = "https://files.pythonhosted.org/packages/36/fa/8c9210162ca1b88529ab76b41ba02d433fd54fecaf6feb70ef9f124683f1/numpy-2.2.6-cp312-cp312-win_amd64.whl", hash = "sha256:c1f9540be57940698ed329904db803cf7a402f3fc200bfe599334c9bd84a40b2", size = 12614190, upload-time = "2025-05-17T21:37:26.213Z" },
]

[[package]]
name = "opencv-python"
version = "4.12.0.88"
source = { registry = "https://pypi.org/simple" }
dependencies = [
    { name = "numpy" },
]
sdist = { url = "https://files.pythonhosted.org/packages/ac/71/25c98e634b6bdeca4727c7f6d6927b056080668c5008ad3c8fc9e7f8f6ec/opencv-python-4.12.0.88.tar.gz", hash = "sha256:8b738389cede219405f6f3880b851efa3415ccd674752219377353f017d2994d", size = 95373294, upload-time = "2025-07-07T09:20:52.389Z" }
wheels = [
    { url = "https://files.pythonhosted.org/packages/85/68/3da40142e7c21e9b1d4e7ddd6c58738feb013203e6e4b803d62cdd9eb96b/opencv_python-4.12.0.88-cp37-abi3-macosx_13_0_arm64.whl", hash = "sha256:f9a1f08883257b95a5764bf517a32d75aec325319c8ed0f89739a57fae9e92a5", size = 37877727, upload-time = "2025-07-07T09:13:31.47Z" },
    { url = "https://files.pythonhosted.org/packages/33/7c/042abe49f58d6ee7e1028eefc3334d98ca69b030e3b567fe245a2b28ea6f/opencv_python-4.12.0.88-cp37-abi3-macosx_13_0_x86_64.whl", hash = "sha256:812eb116ad2b4de43ee116fcd8991c3a687f099ada0b04e68f64899c09448e81", size = 57326471, upload-time = "2025-07-07T09:13:41.26Z" },
    { url = "https://files.pythonhosted.org/packages/62/3a/440bd64736cf8116f01f3b7f9f2e111afb2e02beb2ccc08a6458114a6b5d/opencv_python-4.12.0.88-cp37-abi3-manylinux2014_aarch64.manylinux_2_17_aarch64.whl", hash = "sha256:51fd981c7df6af3e8f70b1556696b05224c4e6b6777bdd2a46b3d4fb09de1a92", size = 45887139, upload-time = "2025-07-07T09:13:50.761Z" },
    { url = "https://files.pythonhosted.org/packages/68/1f/795e7f4aa2eacc59afa4fb61a2e35e510d06414dd5a802b51a012d691b37/opencv_python-4.12.0.88-cp37-abi3-manylinux2014_x86_64.manylinux_2_17_x86_64.whl", hash = "sha256:092c16da4c5a163a818f120c22c5e4a2f96e0db4f24e659c701f1fe629a690f9", size = 67041680, upload-time = "2025-07-07T09:14:01.995Z" },
    { url = "https://files.pythonhosted.org/packages/02/96/213fea371d3cb2f1d537612a105792aa0a6659fb2665b22cad709a75bd94/opencv_python-4.12.0.88-cp37-abi3-win32.whl", hash = "sha256:ff554d3f725b39878ac6a2e1fa232ec509c36130927afc18a1719ebf4fbf4357", size = 30284131, upload-time = "2025-07-07T09:14:08.819Z" },
    { url = "https://files.pythonhosted.org/packages/fa/80/eb88edc2e2b11cd2dd2e56f1c80b5784d11d6e6b7f04a1145df64df40065/opencv_python-4.12.0.88-cp37-abi3-win_amd64.whl", hash = "sha256:d98edb20aa932fd8ebd276a72627dad9dc097695b3d435a4257557bbb49a79d2", size = 39000307, upload-time = "2025-07-07T09:14:16.641Z" },
]

[[package]]
name = "packaging"
version = "25.0"
source = { registry = "https://pypi.org/simple" }
sdist = { url = "https://files.pythonhosted.org/packages/a1/d4/1fc4078c65507b51b96ca8f8c3ba19e6a61c8253c72794544580a7b6c24d/packaging-25.0.tar.gz", hash = "sha256:d443872c98d677bf60f6a1f2f8c1cb748e8fe762d2bf9d3148b5599295b0fc4f", size = 165727, upload-time = "2025-04-19T11:48:59.673Z" }
wheels = [
    { url = "https://files.pythonhosted.org/packages/20/12/38679034af332785aac8774540895e234f4d07f7545804097de4b666afd8/packaging-25.0-py3-none-any.whl", hash = "sha256:29572ef2b1f17581046b3a2227d5c611fb25ec70ca1ba8554b24b0e69331a484", size = 66469, upload-time = "2025-04-19T11:48:57.875Z" },
]

[[package]]
name = "pluggy"
version = "1.6.0"
source = { registry = "https://pypi.org/simple" }
sdist = { url = "https://files.pythonhosted.org/packages/f9/e2/3e91f31a7d2b083fe6ef3fa267035b518369d9511ffab804f839851d2779/pluggy-1.6.0.tar.gz", hash = "sha256:7dcc130b76258d33b90f61b658791dede3486c3e6bfb003ee5c9bfb396dd22f3", size = 69412, upload-time = "2025-05-15T12:30:07.975Z" }
wheels = [
    { url = "https://files.pythonhosted.org/packages/54/20/4d324d65cc6d9205fabedc306948156824eb9f0ee1633355a8f7ec5c66bf/pluggy-1.6.0-py3-none-any.whl", hash = "sha256:e920276dd6813095e9377c0bc5566d94c932c33b27a3e3945d8389c374dd4746", size = 20538, upload-time = "2025-05-15T12:30:06.134Z" },
]

[[package]]
name = "pydantic"
version = "2.12.0"
source = { registry = "https://pypi.org/simple" }
dependencies = [
    { name = "annotated-types" },
    { name = "pydantic-core" },
    { name = "typing-extensions" },
    { name = "typing-inspection" },
]
sdist = { url = "https://files.pythonhosted.org/packages/c3/da/b8a7ee04378a53f6fefefc0c5e05570a3ebfdfa0523a878bcd3b475683ee/pydantic-2.12.0.tar.gz", hash = "sha256:c1a077e6270dbfb37bfd8b498b3981e2bb18f68103720e51fa6c306a5a9af563", size = 814760, upload-time = "2025-10-07T15:58:03.467Z" }
wheels = [
    { url = "https://files.pythonhosted.org/packages/f4/9d/d5c855424e2e5b6b626fbc6ec514d8e655a600377ce283008b115abb7445/pydantic-2.12.0-py3-none-any.whl", hash = "sha256:f6a1da352d42790537e95e83a8bdfb91c7efbae63ffd0b86fa823899e807116f", size = 459730, upload-time = "2025-10-07T15:58:01.576Z" },
]

[[package]]
name = "pydantic-core"
version = "2.41.1"
source = { registry = "https://pypi.org/simple" }
dependencies = [
    { name = "typing-extensions" },
]
sdist = { url = "https://files.pythonhosted.org/packages/7d/14/12b4a0d2b0b10d8e1d9a24ad94e7bbb43335eaf29c0c4e57860e8a30734a/pydantic_core-2.41.1.tar.gz", hash = "sha256:1ad375859a6d8c356b7704ec0f547a58e82ee80bb41baa811ad710e124bc8f2f", size = 454870, upload-time = "2025-10-07T10:50:45.974Z" }
wheels = [
    { url = "https://files.pythonhosted.org/packages/f6/a9/ec440f02e57beabdfd804725ef1e38ac1ba00c49854d298447562e119513/pydantic_core-2.41.1-cp311-cp311-macosx_10_12_x86_64.whl", hash = "sha256:4f276a6134fe1fc1daa692642a3eaa2b7b858599c49a7610816388f5e37566a1", size = 2111456, upload-time = "2025-10-06T21:10:09.824Z" },
    { url = "https://files.pythonhosted.org/packages/f0/f9/6bc15bacfd8dcfc073a1820a564516d9c12a435a9a332d4cbbfd48828ddd/pydantic_core-2.41.1-cp311-cp311-macosx_11_0_arm64.whl", hash = "sha256:07588570a805296ece009c59d9a679dc08fab72fb337365afb4f3a14cfbfc176", size = 1915012, upload-time = "2025-10-06T21:10:11.599Z" },
    { url = "https://files.pythonhosted.org/packages/38/8a/d9edcdcdfe80bade17bed424284427c08bea892aaec11438fa52eaeaf79c/pydantic_core-2.41.1-cp311-cp311-manylinux_2_17_aarch64.manylinux2014_aarch64.whl", hash = "sha256:28527e4b53400cd60ffbd9812ccb2b5135d042129716d71afd7e45bf42b855c0", size = 1973762, upload-time = "2025-10-06T21:10:13.154Z" },
    { url = "https://files.pythonhosted.org/packages/d5/b3/ff225c6d49fba4279de04677c1c876fc3dc6562fd0c53e9bfd66f58c51a8/pydantic_core-2.41.1-cp311-cp311-manylinux_2_17_armv7l.manylinux2014_armv7l.whl", hash = "sha256:46a1c935c9228bad738c8a41de06478770927baedf581d172494ab36a6b96575", size = 2065386, upload-time = "2025-10-06T21:10:14.436Z" },
    { url = "https://files.pythonhosted.org/packages/47/ba/183e8c0be4321314af3fd1ae6bfc7eafdd7a49bdea5da81c56044a207316/pydantic_core-2.41.1-cp311-cp311-manylinux_2_17_ppc64le.manylinux2014_ppc64le.whl", hash = "sha256:447ddf56e2b7d28d200d3e9eafa936fe40485744b5a824b67039937580b3cb20", size = 2252317, upload-time = "2025-10-06T21:10:15.719Z" },
    { url = "https://files.pythonhosted.org/packages/57/c5/aab61e94fd02f45c65f1f8c9ec38bb3b33fbf001a1837c74870e97462572/pydantic_core-2.41.1-cp311-cp311-manylinux_2_17_s390x.manylinux2014_s390x.whl", hash = "sha256:63892ead40c1160ac860b5debcc95c95c5a0035e543a8b5a4eac70dd22e995f4", size = 2373405, upload-time = "2025-10-06T21:10:17.017Z" },
    { url = "https://files.pythonhosted.org/packages/e5/4f/3aaa3bd1ea420a15acc42d7d3ccb3b0bbc5444ae2f9dbc1959f8173e16b8/pydantic_core-2.41.1-cp311-cp311-manylinux_2_17_x86_64.manylinux2014_x86_64.whl", hash = "sha256:f4a9543ca355e6df8fbe9c83e9faab707701e9103ae857ecb40f1c0cf8b0e94d", size = 2073794, upload-time = "2025-10-06T21:10:18.383Z" },
    { url = "https://files.pythonhosted.org/packages/58/bd/e3975cdebe03ec080ef881648de316c73f2a6be95c14fc4efb2f7bdd0d41/pydantic_core-2.41.1-cp311-cp311-manylinux_2_5_i686.manylinux1_i686.whl", hash = "sha256:f2611bdb694116c31e551ed82e20e39a90bea9b7ad9e54aaf2d045ad621aa7a1", size = 2194430, upload-time = "2025-10-06T21:10:19.638Z" },
    { url = "https://files.pythonhosted.org/packages/2b/b8/6b7e7217f147d3b3105b57fb1caec3c4f667581affdfaab6d1d277e1f749/pydantic_core-2.41.1-cp311-cp311-musllinux_1_1_aarch64.whl", hash = "sha256:fecc130893a9b5f7bfe230be1bb8c61fe66a19db8ab704f808cb25a82aad0bc9", size = 2154611, upload-time = "2025-10-06T21:10:21.28Z" },
    { url = "https://files.pythonhosted.org/packages/fe/7b/239c2fe76bd8b7eef9ae2140d737368a3c6fea4fd27f8f6b4cde6baa3ce9/pydantic_core-2.41.1-cp311-cp311-musllinux_1_1_armv7l.whl", hash = "sha256:1e2df5f8344c99b6ea5219f00fdc8950b8e6f2c422fbc1cc122ec8641fac85a1", size = 2329809, upload-time = "2025-10-06T21:10:22.678Z" },
    { url = "https://files.pythonhosted.org/packages/bd/2e/77a821a67ff0786f2f14856d6bd1348992f695ee90136a145d7a445c1ff6/pydantic_core-2.41.1-cp311-cp311-musllinux_1_1_x86_64.whl", hash = "sha256:35291331e9d8ed94c257bab6be1cb3a380b5eee570a2784bffc055e18040a2ea", size = 2327907, upload-time = "2025-10-06T21:10:24.447Z" },
    { url = "https://files.pythonhosted.org/packages/fd/9a/b54512bb9df7f64c586b369328c30481229b70ca6a5fcbb90b715e15facf/pydantic_core-2.41.1-cp311-cp311-win32.whl", hash = "sha256:2876a095292668d753f1a868c4a57c4ac9f6acbd8edda8debe4218d5848cf42f", size = 1989964, upload-time = "2025-10-06T21:10:25.676Z" },
    { url = "https://files.pythonhosted.org/packages/9d/72/63c9a4f1a5c950e65dd522d7dd67f167681f9d4f6ece3b80085a0329f08f/pydantic_core-2.41.1-cp311-cp311-win_amd64.whl", hash = "sha256:b92d6c628e9a338846a28dfe3fcdc1a3279388624597898b105e078cdfc59298", size = 2025158, upload-time = "2025-10-06T21:10:27.522Z" },
    { url = "https://files.pythonhosted.org/packages/d8/16/4e2706184209f61b50c231529257c12eb6bd9eb36e99ea1272e4815d2200/pydantic_core-2.41.1-cp311-cp311-win_arm64.whl", hash = "sha256:7d82ae99409eb69d507a89835488fb657faa03ff9968a9379567b0d2e2e56bc5", size = 1972297, upload-time = "2025-10-06T21:10:28.814Z" },
    { url = "https://files.pythonhosted.org/packages/ee/bc/5f520319ee1c9e25010412fac4154a72e0a40d0a19eb00281b1f200c0947/pydantic_core-2.41.1-cp312-cp312-macosx_10_12_x86_64.whl", hash = "sha256:db2f82c0ccbce8f021ad304ce35cbe02aa2f95f215cac388eed542b03b4d5eb4", size = 2099300, upload-time = "2025-10-06T21:10:30.463Z" },
    { url = "https://files.pythonhosted.org/packages/31/14/010cd64c5c3814fb6064786837ec12604be0dd46df3327cf8474e38abbbd/pydantic_core-2.41.1-cp312-cp312-macosx_11_0_arm64.whl", hash = "sha256:47694a31c710ced9205d5f1e7e8af3ca57cbb8a503d98cb9e33e27c97a501601", size = 1910179, upload-time = "2025-10-06T21:10:31.782Z" },
    { url = "https://files.pythonhosted.org/packages/8e/2e/23fc2a8a93efad52df302fdade0a60f471ecc0c7aac889801ac24b4c07d6/pydantic_core-2.41.1-cp312-cp312-manylinux_2_17_aarch64.manylinux2014_aarch64.whl", hash = "sha256:93e9decce94daf47baf9e9d392f5f2557e783085f7c5e522011545d9d6858e00", size = 1957225, upload-time = "2025-10-06T21:10:33.11Z" },
    { url = "https://files.pythonhosted.org/packages/b9/b6/6db08b2725b2432b9390844852e11d320281e5cea8a859c52c68001975fa/pydantic_core-2.41.1-cp312-cp312-manylinux_2_17_armv7l.manylinux2014_armv7l.whl", hash = "sha256:ab0adafdf2b89c8b84f847780a119437a0931eca469f7b44d356f2b426dd9741", size = 2053315, upload-time = "2025-10-06T21:10:34.87Z" },
    { url = "https://files.pythonhosted.org/packages/61/d9/4de44600f2d4514b44f3f3aeeda2e14931214b6b5bf52479339e801ce748/pydantic_core-2.41.1-cp312-cp312-manylinux_2_17_ppc64le.manylinux2014_ppc64le.whl", hash = "sha256:5da98cc81873f39fd56882e1569c4677940fbc12bce6213fad1ead784192d7c8", size = 2224298, upload-time = "2025-10-06T21:10:36.233Z" },
    { url = "https://files.pythonhosted.org/packages/7a/ae/dbe51187a7f35fc21b283c5250571a94e36373eb557c1cba9f29a9806dcf/pydantic_core-2.41.1-cp312-cp312-manylinux_2_17_s390x.manylinux2014_s390x.whl", hash = "sha256:209910e88afb01fd0fd403947b809ba8dba0e08a095e1f703294fda0a8fdca51", size = 2351797, upload-time = "2025-10-06T21:10:37.601Z" },
    { url = "https://files.pythonhosted.org/packages/b5/a7/975585147457c2e9fb951c7c8dab56deeb6aa313f3aa72c2fc0df3f74a49/pydantic_core-2.41.1-cp312-cp312-manylinux_2_17_x86_64.manylinux2014_x86_64.whl", hash = "sha256:365109d1165d78d98e33c5bfd815a9b5d7d070f578caefaabcc5771825b4ecb5", size = 2074921, upload-time = "2025-10-06T21:10:38.927Z" },
    { url = "https://files.pythonhosted.org/packages/62/37/ea94d1d0c01dec1b7d236c7cec9103baab0021f42500975de3d42522104b/pydantic_core-2.41.1-cp312-cp312-manylinux_2_5_i686.manylinux1_i686.whl", hash = "sha256:706abf21e60a2857acdb09502bc853ee5bce732955e7b723b10311114f033115", size = 2187767, upload-time = "2025-10-06T21:10:40.651Z" },
    { url = "https://files.pythonhosted.org/packages/d3/fe/694cf9fdd3a777a618c3afd210dba7b414cb8a72b1bd29b199c2e5765fee/pydantic_core-2.41.1-cp312-cp312-musllinux_1_1_aarch64.whl", hash = "sha256:bf0bd5417acf7f6a7ec3b53f2109f587be176cb35f9cf016da87e6017437a72d", size = 2136062, upload-time = "2025-10-06T21:10:42.09Z" },
    { url = "https://files.pythonhosted.org/packages/0f/ae/174aeabd89916fbd2988cc37b81a59e1186e952afd2a7ed92018c22f31ca/pydantic_core-2.41.1-cp312-cp312-musllinux_1_1_armv7l.whl", hash = "sha256:2e71b1c6ceb9c78424ae9f63a07292fb769fb890a4e7efca5554c47f33a60ea5", size = 2317819, upload-time = "2025-10-06T21:10:43.974Z" },
    { url = "https://files.pythonhosted.org/packages/65/e8/e9aecafaebf53fc456314f72886068725d6fba66f11b013532dc21259343/pydantic_core-2.41.1-cp312-cp312-musllinux_1_1_x86_64.whl", hash = "sha256:80745b9770b4a38c25015b517451c817799bfb9d6499b0d13d8227ec941cb513", size = 2312267, upload-time = "2025-10-06T21:10:45.34Z" },
    { url = "https://files.pythonhosted.org/packages/35/2f/1c2e71d2a052f9bb2f2df5a6a05464a0eb800f9e8d9dd800202fe31219e1/pydantic_core-2.41.1-cp312-cp312-win32.whl", hash = "sha256:83b64d70520e7890453f1aa21d66fda44e7b35f1cfea95adf7b4289a51e2b479", size = 1990927, upload-time = "2025-10-06T21:10:46.738Z" },
    { url = "https://files.pythonhosted.org/packages/b1/78/562998301ff2588b9c6dcc5cb21f52fa919d6e1decc75a35055feb973594/pydantic_core-2.41.1-cp312-cp312-win_amd64.whl", hash = "sha256:377defd66ee2003748ee93c52bcef2d14fde48fe28a0b156f88c3dbf9bc49a50", size = 2034703, upload-time = "2025-10-06T21:10:48.524Z" },
    { url = "https://files.pythonhosted.org/packages/b2/53/d95699ce5a5cdb44bb470bd818b848b9beadf51459fd4ea06667e8ede862/pydantic_core-2.41.1-cp312-cp312-win_arm64.whl", hash = "sha256:c95caff279d49c1d6cdfe2996e6c2ad712571d3b9caaa209a404426c326c4bde", size = 1972719, upload-time = "2025-10-06T21:10:50.256Z" },
    { url = "https://files.pythonhosted.org/packages/16/89/d0afad37ba25f5801735af1472e650b86baad9fe807a42076508e4824a2a/pydantic_core-2.41.1-graalpy311-graalpy242_311_native-macosx_10_12_x86_64.whl", hash = "sha256:68f2251559b8efa99041bb63571ec7cdd2d715ba74cc82b3bc9eff824ebc8bf0", size = 2124001, upload-time = "2025-10-07T10:49:54.369Z" },
    { url = "https://files.pythonhosted.org/packages/8e/c4/08609134b34520568ddebb084d9ed0a2a3f5f52b45739e6e22cb3a7112eb/pydantic_core-2.41.1-graalpy311-graalpy242_311_native-macosx_11_0_arm64.whl", hash = "sha256:c7bc140c596097cb53b30546ca257dbe3f19282283190b1b5142928e5d5d3a20", size = 1941841, upload-time = "2025-10-07T10:49:56.248Z" },
    { url = "https://files.pythonhosted.org/packages/2a/43/94a4877094e5fe19a3f37e7e817772263e2c573c94f1e3fa2b1eee56ef3b/pydantic_core-2.41.1-graalpy311-graalpy242_311_native-manylinux_2_17_aarch64.manylinux2014_aarch64.whl", hash = "sha256:2896510fce8f4725ec518f8b9d7f015a00db249d2fd40788f442af303480063d", size = 1961129, upload-time = "2025-10-07T10:49:58.298Z" },
    { url = "https://files.pythonhosted.org/packages/a2/30/23a224d7e25260eb5f69783a63667453037e07eb91ff0e62dabaadd47128/pydantic_core-2.41.1-graalpy311-graalpy242_311_native-manylinux_2_17_x86_64.manylinux2014_x86_64.whl", hash = "sha256:ced20e62cfa0f496ba68fa5d6c7ee71114ea67e2a5da3114d6450d7f4683572a", size = 2148770, upload-time = "2025-10-07T10:49:59.959Z" },
    { url = "https://files.pythonhosted.org/packages/2b/3e/a51c5f5d37b9288ba30683d6e96f10fa8f1defad1623ff09f1020973b577/pydantic_core-2.41.1-graalpy312-graalpy250_312_native-macosx_10_12_x86_64.whl", hash = "sha256:b04fa9ed049461a7398138c604b00550bc89e3e1151d84b81ad6dc93e39c4c06", size = 2115344, upload-time = "2025-10-07T10:50:02.466Z" },
    { url = "https://files.pythonhosted.org/packages/5a/bd/389504c9e0600ef4502cd5238396b527afe6ef8981a6a15cd1814fc7b434/pydantic_core-2.41.1-graalpy312-graalpy250_312_native-macosx_11_0_arm64.whl", hash = "sha256:b3b7d9cfbfdc43c80a16638c6dc2768e3956e73031fca64e8e1a3ae744d1faeb", size = 1927994, upload-time = "2025-10-07T10:50:04.379Z" },
    { url = "https://files.pythonhosted.org/packages/ff/9c/5111c6b128861cb792a4c082677e90dac4f2e090bb2e2fe06aa5b2d39027/pydantic_core-2.41.1-graalpy312-graalpy250_312_native-manylinux_2_17_aarch64.manylinux2014_aarch64.whl", hash = "sha256:eec83fc6abef04c7f9bec616e2d76ee9a6a4ae2a359b10c21d0f680e24a247ca", size = 1959394, upload-time = "2025-10-07T10:50:06.335Z" },
    { url = "https://files.pythonhosted.org/packages/14/3f/cfec8b9a0c48ce5d64409ec5e1903cb0b7363da38f14b41de2fcb3712700/pydantic_core-2.41.1-graalpy312-graalpy250_312_native-manylinux_2_17_x86_64.manylinux2014_x86_64.whl", hash = "sha256:6771a2d9f83c4038dfad5970a3eef215940682b2175e32bcc817bdc639019b28", size = 2147365, upload-time = "2025-10-07T10:50:07.978Z" },
    { url = "https://files.pythonhosted.org/packages/e6/6c/fa3e45c2b054a1e627a89a364917f12cbe3abc3e91b9004edaae16e7b3c5/pydantic_core-2.41.1-pp311-pypy311_pp73-macosx_10_12_x86_64.whl", hash = "sha256:af2385d3f98243fb733862f806c5bb9122e5fba05b373e3af40e3c82d711cef1", size = 2112094, upload-time = "2025-10-07T10:50:25.513Z" },
    { url = "https://files.pythonhosted.org/packages/e5/17/7eebc38b4658cc8e6902d0befc26388e4c2a5f2e179c561eeb43e1922c7b/pydantic_core-2.41.1-pp311-pypy311_pp73-macosx_11_0_arm64.whl", hash = "sha256:6550617a0c2115be56f90c31a5370261d8ce9dbf051c3ed53b51172dd34da696", size = 1935300, upload-time = "2025-10-07T10:50:27.715Z" },
    { url = "https://files.pythonhosted.org/packages/2b/00/9fe640194a1717a464ab861d43595c268830f98cb1e2705aa134b3544b70/pydantic_core-2.41.1-pp311-pypy311_pp73-manylinux_2_17_aarch64.manylinux2014_aarch64.whl", hash = "sha256:dc17b6ecf4983d298686014c92ebc955a9f9baf9f57dad4065e7906e7bee6222", size = 1970417, upload-time = "2025-10-07T10:50:29.573Z" },
    { url = "https://files.pythonhosted.org/packages/b2/ad/f4cdfaf483b78ee65362363e73b6b40c48e067078d7b146e8816d5945ad6/pydantic_core-2.41.1-pp311-pypy311_pp73-manylinux_2_5_i686.manylinux1_i686.whl", hash = "sha256:42ae9352cf211f08b04ea110563d6b1e415878eea5b4c70f6bdb17dca3b932d2", size = 2190745, upload-time = "2025-10-07T10:50:31.48Z" },
    { url = "https://files.pythonhosted.org/packages/cb/c1/18f416d40a10f44e9387497ba449f40fdb1478c61ba05c4b6bdb82300362/pydantic_core-2.41.1-pp311-pypy311_pp73-musllinux_1_1_aarch64.whl", hash = "sha256:e82947de92068b0a21681a13dd2102387197092fbe7defcfb8453e0913866506", size = 2150888, upload-time = "2025-10-07T10:50:33.477Z" },
    { url = "https://files.pythonhosted.org/packages/42/30/134c8a921630d8a88d6f905a562495a6421e959a23c19b0f49b660801d67/pydantic_core-2.41.1-pp311-pypy311_pp73-musllinux_1_1_armv7l.whl", hash = "sha256:e244c37d5471c9acdcd282890c6c4c83747b77238bfa19429b8473586c907656", size = 2324489, upload-time = "2025-10-07T10:50:36.48Z" },
    { url = "https://files.pythonhosted.org/packages/9c/48/a9263aeaebdec81e941198525b43edb3b44f27cfa4cb8005b8d3eb8dec72/pydantic_core-2.41.1-pp311-pypy311_pp73-musllinux_1_1_x86_64.whl", hash = "sha256:1e798b4b304a995110d41ec93653e57975620ccb2842ba9420037985e7d7284e", size = 2322763, upload-time = "2025-10-07T10:50:38.751Z" },
    { url = "https://files.pythonhosted.org/packages/1d/62/755d2bd2593f701c5839fc084e9c2c5e2418f460383ad04e3b5d0befc3ca/pydantic_core-2.41.1-pp311-pypy311_pp73-win_amd64.whl", hash = "sha256:f1fc716c0eb1663c59699b024428ad5ec2bcc6b928527b8fe28de6cb89f47efb", size = 2144046, upload-time = "2025-10-07T10:50:40.686Z" },
]

[[package]]
name = "pygments"
version = "2.19.2"
source = { registry = "https://pypi.org/simple" }
sdist = { url = "https://files.pythonhosted.org/packages/b0/77/a5b8c569bf593b0140bde72ea885a803b82086995367bf2037de0159d924/pygments-2.19.2.tar.gz", hash = "sha256:636cb2477cec7f8952536970bc533bc43743542f70392ae026374600add5b887", size = 4968631, upload-time = "2025-06-21T13:39:12.283Z" }
wheels = [
    { url = "https://files.pythonhosted.org/packages/c7/21/705964c7812476f378728bdf590ca4b771ec72385c533964653c68e86bdc/pygments-2.19.2-py3-none-any.whl", hash = "sha256:86540386c03d588bb81d44bc3928634ff26449851e99741617ecb9037ee5ec0b", size = 1225217, upload-time = "2025-06-21T13:39:07.939Z" },
]

[[package]]
name = "pytest"
version = "8.4.2"
source = { registry = "https://pypi.org/simple" }
dependencies = [
    { name = "colorama", marker = "sys_platform == 'win32'" },
    { name = "iniconfig" },
    { name = "packaging" },
    { name = "pluggy" },
    { name = "pygments" },
]
sdist = { url = "https://files.pythonhosted.org/packages/a3/5c/00a0e072241553e1a7496d638deababa67c5058571567b92a7eaa258397c/pytest-8.4.2.tar.gz", hash = "sha256:86c0d0b93306b961d58d62a4db4879f27fe25513d4b969df351abdddb3c30e01", size = 1519618, upload-time = "2025-09-04T14:34:22.711Z" }
wheels = [
    { url = "https://files.pythonhosted.org/packages/a8/a4/20da314d277121d6534b3a980b29035dcd51e6744bd79075a6ce8fa4eb8d/pytest-8.4.2-py3-none-any.whl", hash = "sha256:872f880de3fc3a5bdc88a11b39c9710c3497a547cfa9320bc3c5e62fbf272e79", size = 365750, upload-time = "2025-09-04T14:34:20.226Z" },
]

[[package]]
name = "python-multipart"
version = "0.0.20"
source = { registry = "https://pypi.org/simple" }
sdist = { url = "https://files.pythonhosted.org/packages/f3/87/f44d7c9f274c7ee665a29b885ec97089ec5dc034c7f3fafa03da9e39a09e/python_multipart-0.0.20.tar.gz", hash = "sha256:8dd0cab45b8e23064ae09147625994d090fa46f5b0d1e13af944c331a7fa9d13", size = 37158, upload-time = "2024-12-16T19:45:46.972Z" }
wheels = [
    { url = "https://files.pythonhosted.org/packages/45/58/38b5afbc1a800eeea951b9285d3912613f2603bdf897a4ab0f4bd7f405fc/python_multipart-0.0.20-py3-none-any.whl", hash = "sha256:8a62d3a8335e06589fe01f2a3e178cdcc632f3fbe0d492ad9ee0ec35aab1f104", size = 24546, upload-time = "2024-12-16T19:45:44.423Z" },
]

[[package]]
name = "ruff"
version = "0.14.0"
source = { registry = "https://pypi.org/simple" }
sdist = { url = "https://files.pythonhosted.org/packages/41/b9/9bd84453ed6dd04688de9b3f3a4146a1698e8faae2ceeccce4e14c67ae17/ruff-0.14.0.tar.gz", hash = "sha256:62ec8969b7510f77945df916de15da55311fade8d6050995ff7f680afe582c57", size = 5452071, upload-time = "2025-10-07T18:21:55.763Z" }
wheels = [
    { url = "https://files.pythonhosted.org/packages/3a/4e/79d463a5f80654e93fa653ebfb98e0becc3f0e7cf6219c9ddedf1e197072/ruff-0.14.0-py3-none-linux_armv6l.whl", hash = "sha256:58e15bffa7054299becf4bab8a1187062c6f8cafbe9f6e39e0d5aface455d6b3", size = 12494532, upload-time = "2025-10-07T18:21:00.373Z" },
    { url = "https://files.pythonhosted.org/packages/ee/40/e2392f445ed8e02aa6105d49db4bfff01957379064c30f4811c3bf38aece/ruff-0.14.0-py3-none-macosx_10_12_x86_64.whl", hash = "sha256:838d1b065f4df676b7c9957992f2304e41ead7a50a568185efd404297d5701e8", size = 13160768, upload-time = "2025-10-07T18:21:04.73Z" },
    { url = "https://files.pythonhosted.org/packages/75/da/2a656ea7c6b9bd14c7209918268dd40e1e6cea65f4bb9880eaaa43b055cd/ruff-0.14.0-py3-none-macosx_11_0_arm64.whl", hash = "sha256:703799d059ba50f745605b04638fa7e9682cc3da084b2092feee63500ff3d9b8", size = 12363376, upload-time = "2025-10-07T18:21:07.833Z" },
    { url = "https://files.pythonhosted.org/packages/42/e2/1ffef5a1875add82416ff388fcb7ea8b22a53be67a638487937aea81af27/ruff-0.14.0-py3-none-manylinux_2_17_aarch64.manylinux2014_aarch64.whl", hash = "sha256:3ba9a8925e90f861502f7d974cc60e18ca29c72bb0ee8bfeabb6ade35a3abde7", size = 12608055, upload-time = "2025-10-07T18:21:10.72Z" },
    { url = "https://files.pythonhosted.org/packages/4a/32/986725199d7cee510d9f1dfdf95bf1efc5fa9dd714d0d85c1fb1f6be3bc3/ruff-0.14.0-py3-none-manylinux_2_17_armv7l.manylinux2014_armv7l.whl", hash = "sha256:e41f785498bd200ffc276eb9e1570c019c1d907b07cfb081092c8ad51975bbe7", size = 12318544, upload-time = "2025-10-07T18:21:13.741Z" },
    { url = "https://files.pythonhosted.org/packages/9a/ed/4969cefd53315164c94eaf4da7cfba1f267dc275b0abdd593d11c90829a3/ruff-0.14.0-py3-none-manylinux_2_17_i686.manylinux2014_i686.whl", hash = "sha256:30a58c087aef4584c193aebf2700f0fbcfc1e77b89c7385e3139956fa90434e2", size = 14001280, upload-time = "2025-10-07T18:21:16.411Z" },
    { url = "https://files.pythonhosted.org/packages/ab/ad/96c1fc9f8854c37681c9613d825925c7f24ca1acfc62a4eb3896b50bacd2/ruff-0.14.0-py3-none-manylinux_2_17_ppc64.manylinux2014_ppc64.whl", hash = "sha256:f8d07350bc7af0a5ce8812b7d5c1a7293cf02476752f23fdfc500d24b79b783c", size = 15027286, upload-time = "2025-10-07T18:21:19.577Z" },
    { url = "https://files.pythonhosted.org/packages/b3/00/1426978f97df4fe331074baf69615f579dc4e7c37bb4c6f57c2aad80c87f/ruff-0.14.0-py3-none-manylinux_2_17_ppc64le.manylinux2014_ppc64le.whl", hash = "sha256:eec3bbbf3a7d5482b5c1f42d5fc972774d71d107d447919fca620b0be3e3b75e", size = 14451506, upload-time = "2025-10-07T18:21:22.779Z" },
    { url = "https://files.pythonhosted.org/packages/58/d5/9c1cea6e493c0cf0647674cca26b579ea9d2a213b74b5c195fbeb9678e15/ruff-0.14.0-py3-none-manylinux_2_17_s390x.manylinux2014_s390x.whl", hash = "sha256:16b68e183a0e28e5c176d51004aaa40559e8f90065a10a559176713fcf435206", size = 13437384, upload-time = "2025-10-07T18:21:25.758Z" },
    { url = "https://files.pythonhosted.org/packages/29/b4/4cd6a4331e999fc05d9d77729c95503f99eae3ba1160469f2b64866964e3/ruff-0.14.0-py3-none-manylinux_2_17_x86_64.manylinux2014_x86_64.whl", hash = "sha256:eb732d17db2e945cfcbbc52af0143eda1da36ca8ae25083dd4f66f1542fdf82e", size = 13447976, upload-time = "2025-10-07T18:21:28.83Z" },
    { url = "https://files.pythonhosted.org/packages/3b/c0/ac42f546d07e4f49f62332576cb845d45c67cf5610d1851254e341d563b6/ruff-0.14.0-py3-none-manylinux_2_31_riscv64.whl", hash = "sha256:c958f66ab884b7873e72df38dcabee03d556a8f2ee1b8538ee1c2bbd619883dd", size = 13682850, upload-time = "2025-10-07T18:21:31.842Z" },
    { url = "https://files.pythonhosted.org/packages/5f/c4/4b0c9bcadd45b4c29fe1af9c5d1dc0ca87b4021665dfbe1c4688d407aa20/ruff-0.14.0-py3-none-musllinux_1_2_aarch64.whl", hash = "sha256:7eb0499a2e01f6e0c285afc5bac43ab380cbfc17cd43a2e1dd10ec97d6f2c42d", size = 12449825, upload-time = "2025-10-07T18:21:35.074Z" },
    { url = "https://files.pythonhosted.org/packages/4b/a8/e2e76288e6c16540fa820d148d83e55f15e994d852485f221b9524514730/ruff-0.14.0-py3-none-musllinux_1_2_armv7l.whl", hash = "sha256:4c63b2d99fafa05efca0ab198fd48fa6030d57e4423df3f18e03aa62518c565f", size = 12272599, upload-time = "2025-10-07T18:21:38.08Z" },
    { url = "https://files.pythonhosted.org/packages/18/14/e2815d8eff847391af632b22422b8207704222ff575dec8d044f9ab779b2/ruff-0.14.0-py3-none-musllinux_1_2_i686.whl", hash = "sha256:668fce701b7a222f3f5327f86909db2bbe99c30877c8001ff934c5413812ac02", size = 13193828, upload-time = "2025-10-07T18:21:41.216Z" },
    { url = "https://files.pythonhosted.org/packages/44/c6/61ccc2987cf0aecc588ff8f3212dea64840770e60d78f5606cd7dc34de32/ruff-0.14.0-py3-none-musllinux_1_2_x86_64.whl", hash = "sha256:a86bf575e05cb68dcb34e4c7dfe1064d44d3f0c04bbc0491949092192b515296", size = 13628617, upload-time = "2025-10-07T18:21:44.04Z" },
    { url = "https://files.pythonhosted.org/packages/73/e6/03b882225a1b0627e75339b420883dc3c90707a8917d2284abef7a58d317/ruff-0.14.0-py3-none-win32.whl", hash = "sha256:7450a243d7125d1c032cb4b93d9625dea46c8c42b4f06c6b709baac168e10543", size = 12367872, upload-time = "2025-10-07T18:21:46.67Z" },
    { url = "https://files.pythonhosted.org/packages/41/77/56cf9cf01ea0bfcc662de72540812e5ba8e9563f33ef3d37ab2174892c47/ruff-0.14.0-py3-none-win_amd64.whl", hash = "sha256:ea95da28cd874c4d9c922b39381cbd69cb7e7b49c21b8152b014bd4f52acddc2", size = 13464628, upload-time = "2025-10-07T18:21:50.318Z" },
    { url = "https://files.pythonhosted.org/packages/c6/2a/65880dfd0e13f7f13a775998f34703674a4554906167dce02daf7865b954/ruff-0.14.0-py3-none-win_arm64.whl", hash = "sha256:f42c9495f5c13ff841b1da4cb3c2a42075409592825dada7c5885c2c844ac730", size = 12565142, upload-time = "2025-10-07T18:21:53.577Z" },
]

[[package]]
name = "sniffio"
version = "1.3.1"
source = { registry = "https://pypi.org/simple" }
sdist = { url = "https://files.pythonhosted.org/packages/a2/87/a6771e1546d97e7e041b6ae58d80074f81b7d5121207425c964ddf5cfdbd/sniffio-1.3.1.tar.gz", hash = "sha256:f4324edc670a0f49750a81b895f35c3adb843cca46f0530f79fc1babb23789dc", size = 20372, upload-time = "2024-02-25T23:20:04.057Z" }
wheels = [
    { url = "https://files.pythonhosted.org/packages/e9/44/75a9c9421471a6c4805dbf2356f7c181a29c1879239abab1ea2cc8f38b40/sniffio-1.3.1-py3-none-any.whl", hash = "sha256:2f6da418d1f1e0fddd844478f41680e794e6051915791a034ff65e5f100525a2", size = 10235, upload-time = "2024-02-25T23:20:01.196Z" },
]

[[package]]
name = "starlette"
version = "0.48.0"
source = { registry = "https://pypi.org/simple" }
dependencies = [
    { name = "anyio" },
    { name = "typing-extensions" },
]
sdist = { url = "https://files.pythonhosted.org/packages/a7/a5/d6f429d43394057b67a6b5bbe6eae2f77a6bf7459d961fdb224bf206eee6/starlette-0.48.0.tar.gz", hash = "sha256:7e8cee469a8ab2352911528110ce9088fdc6a37d9876926e73da7ce4aa4c7a46", size = 2652949, upload-time = "2025-09-13T08:41:05.699Z" }
wheels = [
    { url = "https://files.pythonhosted.org/packages/be/72/2db2f49247d0a18b4f1bb9a5a39a0162869acf235f3a96418363947b3d46/starlette-0.48.0-py3-none-any.whl", hash = "sha256:0764ca97b097582558ecb498132ed0c7d942f233f365b86ba37770e026510659", size = 73736, upload-time = "2025-09-13T08:41:03.869Z" },
]

[[package]]
name = "typing-extensions"
version = "4.15.0"
source = { registry = "https://pypi.org/simple" }
sdist = { url = "https://files.pythonhosted.org/packages/72/94/1a15dd82efb362ac84269196e94cf00f187f7ed21c242792a923cdb1c61f/typing_extensions-4.15.0.tar.gz", hash = "sha256:0cea48d173cc12fa28ecabc3b837ea3cf6f38c6d1136f85cbaaf598984861466", size = 109391, upload-time = "2025-08-25T13:49:26.313Z" }
wheels = [
    { url = "https://files.pythonhosted.org/packages/18/67/36e9267722cc04a6b9f15c7f3441c2363321a3ea07da7ae0c0707beb2a9c/typing_extensions-4.15.0-py3-none-any.whl", hash = "sha256:f0fa19c6845758ab08074a0cfa8b7aecb71c999ca73d62883bc25cc018c4e548", size = 44614, upload-time = "2025-08-25T13:49:24.86Z" },
]

[[package]]
name = "typing-inspection"
version = "0.4.2"
source = { registry = "https://pypi.org/simple" }
dependencies = [
    { name = "typing-extensions" },
]
sdist = { url = "https://files.pythonhosted.org/packages/55/e3/70399cb7dd41c10ac53367ae42139cf4b1ca5f36bb3dc6c9d33acdb43655/typing_inspection-0.4.2.tar.gz", hash = "sha256:ba561c48a67c5958007083d386c3295464928b01faa735ab8547c5692e87f464", size = 75949, upload-time = "2025-10-01T02:14:41.687Z" }
wheels = [
    { url = "https://files.pythonhosted.org/packages/dc/9b/47798a6c91d8bdb567fe2698fe81e0c6b7cb7ef4d13da4114b41d239f65d/typing_inspection-0.4.2-py3-none-any.whl", hash = "sha256:4ed1cacbdc298c220f1bd249ed5287caa16f34d44ef4e9c3d0cbad5b521545e7", size = 14611, upload-time = "2025-10-01T02:14:40.154Z" },
]

[[package]]
name = "uvicorn"
version = "0.37.0"
source = { registry = "https://pypi.org/simple" }
dependencies = [
    { name = "click" },
    { name = "h11" },
]
sdist = { url = "https://files.pythonhosted.org/packages/71/57/1616c8274c3442d802621abf5deb230771c7a0fec9414cb6763900eb3868/uvicorn-0.37.0.tar.gz", hash = "sha256:4115c8add6d3fd536c8ee77f0e14a7fd2ebba939fed9b02583a97f80648f9e13", size = 80367, upload-time = "2025-09-23T13:33:47.486Z" }
wheels = [
    { url = "https://files.pythonhosted.org/packages/85/cd/584a2ceb5532af99dd09e50919e3615ba99aa127e9850eafe5f31ddfdb9a/uvicorn-0.37.0-py3-none-any.whl", hash = "sha256:913b2b88672343739927ce381ff9e2ad62541f9f8289664fa1d1d3803fa2ce6c", size = 67976, upload-time = "2025-09-23T13:33:45.842Z" },
]
